
Microsoft Visual Studio Solution File, Format Version 12.00
# Visual Studio Version 17
VisualStudioVersion = 17.0.32014.148
MinimumVisualStudioVersion = 10.0.40219.1
Project("{FAE04EC0-301F-11D3-BF4B-00C04F79EFBC}") = "UnderstandingLINQ1", "UnderstandingLINQ1\UnderstandingLINQ1.csproj", "{650F1753-4B23-49BD-92B6-F860BE7CB353}"
EndProject
Global
	GlobalSection(SolutionConfigurationPlatforms) = preSolution
		Debug|Any CPU = Debug|Any CPU
		Release|Any CPU = Release|Any CPU
	EndGlobalSection
	GlobalSection(ProjectConfigurationPlatforms) = postSolution
		{650F1753-4B23-49BD-92B6-F860BE7CB353}.Debug|Any CPU.ActiveCfg = Debug|Any CPU
		{650F1753-4B23-49BD-92B6-F860BE7CB353}.Debug|Any CPU.Build.0 = Debug|Any CPU
		{650F1753-4B23-49BD-92B6-F860BE7CB353}.Release|Any CPU.ActiveCfg = Release|Any CPU
		{650F1753-4B23-49BD-92B6-F860BE7CB353}.Release|Any CPU.Build.0 = Release|Any CPU
	EndGlobalSection
	GlobalSection(SolutionProperties) = preSolution
		HideSolutionNode = FALSE
	EndGlobalSection
	GlobalSection(ExtensibilityGlobals) = postSolution
		SolutionGuid = {22539B62-8843-480C-9552-A3914B08BD6C}
	EndGlobalSection
EndGlobal
